PODS:
  - AFNetworking (2.6.3):
    - AFNetworking/NSURLConnection (= 2.6.3)
    - AFNetworking/NSURLSession (= 2.6.3)
    - AFNetworking/Reachability (= 2.6.3)
    - AFNetworking/Security (= 2.6.3)
    - AFNetworking/Serialization (= 2.6.3)
    - AFNetworking/UIKit (= 2.6.3)
  - AFNetworking/NSURLConnection (2.6.3):
    - AFNetworking/Reachability
    - AFNetworking/Security
    - AFNetworking/Serialization
  - AFNetworking/NSURLSession (2.6.3):
    - AFNetworking/Reachability
    - AFNetworking/Security
    - AFNetworking/Serialization
  - AFNetworking/Reachability (2.6.3)
  - AFNetworking/Security (2.6.3)
  - AFNetworking/Serialization (2.6.3)
  - AFNetworking/UIKit (2.6.3):
    - AFNetworking/NSURLConnection
    - AFNetworking/NSURLSession
  - Crashlytics (3.8.5):
    - Fabric (~> 1.6.3)
  - Fabric (1.6.12)
  - MBProgressHUD (0.9.2)
  - OpinionzAlertView (0.3.1)
  - RMMapper (1.1.5)

DEPENDENCIES:
  - AFNetworking (~> 2.0)
  - Crashlytics
  - Fabric
  - MBProgressHUD (~> 0.9.1)
  - OpinionzAlertView
  - RMMapper

SPEC REPOS:
  https://github.com/cocoapods/specs.git:
    - AFNetworking
    - Crashlytics
    - Fabric
    - MBProgressHUD
    - OpinionzAlertView
    - RMMapper

SPEC CHECKSUMS:
  AFNetworking: cb8d14a848e831097108418f5d49217339d4eb60
  Crashlytics: dfbae35ef22ca189240d230ad501feea4ee85d2d
  Fabric: f050464eac45a2ce5a8e6e6a07e977c0df32fe28
  MBProgressHUD: 1569cf7ace17a8bac47aabfbb8580a49690386d1
  OpinionzAlertView: 213cf7fa544091962ebd9526ff2e7e120b13c149
  RMMapper: 21122d753c736d975f6c61e674afce8db73579af

PODFILE CHECKSUM: 9dcc6e3e21c302638dffe9a2b9d6ebf5abbd87a3

COCOAPODS: 1.7.5
